<Solution>
  <Project Path="CatalogAPI.Api/CatalogAPI.Api.csproj" />
  <Project Path="CatalogAPI.Application/CatalogAPI.Application.csproj" />
  <Project Path="CatalogAPI.Domain/CatalogAPI.Domain.csproj" />
  <Project Path="CatalogAPI.Infrastructure/CatalogAPI.Infrastructure.csproj" />
  <Project Path="CatalogAPI.Tests/CatalogAPI.Tests.csproj" />
</Solution>
